
Microsoft Visual Studio Solution File, Format Version 12.00
# Visual Studio Version 16
VisualStudioVersion = 16.0.29728.190
MinimumVisualStudioVersion = 10.0.40219.1
Project("{FAE04EC0-301F-11D3-BF4B-00C04F79EFBC}") = "TonnelApp", "TonnelApp\TonnelApp.csproj", "{73F547B9-08E4-4381-978C-F64D29E83FA6}"
EndProject
Global
	GlobalSection(SolutionConfigurationPlatforms) = preSolution
		Debug|Any CPU = Debug|Any CPU
		Release|Any CPU = Release|Any CPU
	EndGlobalSection
	GlobalSection(ProjectConfigurationPlatforms) = postSolution
		{73F547B9-08E4-4381-978C-F64D29E83FA6}.Debug|Any CPU.ActiveCfg = Debug|Any CPU
		{73F547B9-08E4-4381-978C-F64D29E83FA6}.Debug|Any CPU.Build.0 = Debug|Any CPU
		{73F547B9-08E4-4381-978C-F64D29E83FA6}.Release|Any CPU.ActiveCfg = Release|Any CPU
		{73F547B9-08E4-4381-978C-F64D29E83FA6}.Release|Any CPU.Build.0 = Release|Any CPU
	EndGlobalSection
	GlobalSection(SolutionProperties) = preSolution
		HideSolutionNode = FALSE
	EndGlobalSection
	GlobalSection(ExtensibilityGlobals) = postSolution
		SolutionGuid = {B6FD160A-72DB-48A3-8A52-3A2535E6CB46}
	EndGlobalSection
EndGlobal
